// !$*UTF8*$!
{
	archiveVersion = 1;
	classes = {
	};
	objectVersion = 46;
	objects = {

/* Begin PBXBuildFile section */
		362B0294158EEE5F0010516B /* HRSettingViewController.m in Sources */ = {isa = PBXBuildFile; fileRef = 362B0293158EEE5F0010516B /* HRSettingViewController.m */; };
		36395719158CED3D00D596E7 /* UIKit.framework in Frameworks */ = {isa = PBXBuildFile; fileRef = 36395718158CED3D00D596E7 /* UIKit.framework */; };
		3639571B158CED3D00D596E7 /* Foundation.framework in Frameworks */ = {isa = PBXBuildFile; fileRef = 3639571A158CED3D00D596E7 /* Foundation.framework */; };
		3639571D158CED3D00D596E7 /* CoreGraphics.framework in Frameworks */ = {isa = PBXBuildFile; fileRef = 3639571C158CED3D00D596E7 /* CoreGraphics.framework */; };
		36395723158CED3D00D596E7 /* InfoPlist.strings in Resources */ = {isa = PBXBuildFile; fileRef = 36395721158CED3D00D596E7 /* InfoPlist.strings */; };
		36395725158CED3D00D596E7 /* main.m in Sources */ = {isa = PBXBuildFile; fileRef = 36395724158CED3D00D596E7 /* main.m */; };
		36395729158CED3D00D596E7 /* HRAppDelegate.m in Sources */ = {isa = PBXBuildFile; fileRef = 36395728158CED3D00D596E7 /* HRAppDelegate.m */; };
		3639572C158CED3D00D596E7 /* MainStoryboard_iPhone.storyboard in Resources */ = {isa = PBXBuildFile; fileRef = 3639572A158CED3D00D596E7 /* MainStoryboard_iPhone.storyboard */; };
		3639572F158CED3D00D596E7 /* MainStoryboard_iPad.storyboard in Resources */ = {isa = PBXBuildFile; fileRef = 3639572D158CED3D00D596E7 /* MainStoryboard_iPad.storyboard */; };
		36395748158CF3F600D596E7 /* HRStationsViewController.m in Sources */ = {isa = PBXBuildFile; fileRef = 36395747158CF3F600D596E7 /* HRStationsViewController.m */; };
		3639574B158CF4B400D596E7 /* HRStation.m in Sources */ = {isa = PBXBuildFile; fileRef = 3639574A158CF4B400D596E7 /* HRStation.m */; };
		3639574E158CF9E500D596E7 /* HRStationViewController.m in Sources */ = {isa = PBXBuildFile; fileRef = 3639574D158CF9E500D596E7 /* HRStationViewController.m */; };
		36395751158CFE0200D596E7 /* HRState.m in Sources */ = {isa = PBXBuildFile; fileRef = 36395750158CFE0200D596E7 /* HRState.m */; };
		36395754158D05C300D596E7 /* HRStationCell.m in Sources */ = {isa = PBXBuildFile; fileRef = 36395753158D05C300D596E7 /* HRStationCell.m */; };
		36CEE436158ED2CC002CFEB4 /* GCDAsyncSocket.m in Sources */ = {isa = PBXBuildFile; fileRef = 36CEE434158ED256002CFEB4 /* GCDAsyncSocket.m */; settings = {COMPILER_FLAGS = "-fobjc-arc"; }; };
		36CEE438158ED36A002CFEB4 /* CFNetwork.framework in Frameworks */ = {isa = PBXBuildFile; fileRef = 36CEE437158ED36A002CFEB4 /* CFNetwork.framework */; };
		36CEE43A158ED37F002CFEB4 /* Security.framework in Frameworks */ = {isa = PBXBuildFile; fileRef = 36CEE439158ED37F002CFEB4 /* Security.framework */; };
/* End PBXBuildFile section */

/* Begin PBXFileReference section */
		362B0292158EEE5F0010516B /* HRSettingViewController.h */ = {isa = PBXFileReference; fileEncoding = 4; lastKnownFileType = sourcecode.c.h; path = HRSettingViewController.h; sourceTree = "<group>"; };
		362B0293158EEE5F0010516B /* HRSettingViewController.m */ = {isa = PBXFileReference; fileEncoding = 4; lastKnownFileType = sourcecode.c.objc; path = HRSettingViewController.m; sourceTree = "<group>"; };
		36395714158CED3D00D596E7 /* HermesRemote.app */ = {isa = PBXFileReference; explicitFileType = wrapper.application; includeInIndex = 0; path = HermesRemote.app; sourceTree = BUILT_PRODUCTS_DIR; };
		36395718158CED3D00D596E7 /* UIKit.framework */ = {isa = PBXFileReference; lastKnownFileType = wrapper.framework; name = UIKit.framework; path = System/Library/Frameworks/UIKit.framework; sourceTree = SDKROOT; };
		3639571A158CED3D00D596E7 /* Foundation.framework */ = {isa = PBXFileReference; lastKnownFileType = wrapper.framework; name = Foundation.framework; path = System/Library/Frameworks/Foundation.framework; sourceTree = SDKROOT; };
		3639571C158CED3D00D596E7 /* CoreGraphics.framework */ = {isa = PBXFileReference; lastKnownFileType = wrapper.framework; name = CoreGraphics.framework; path = System/Library/Frameworks/CoreGraphics.framework; sourceTree = SDKROOT; };
		36395720158CED3D00D596E7 /* HermesRemote-Info.plist */ = {isa = PBXFileReference; lastKnownFileType = text.plist.xml; path = "HermesRemote-Info.plist"; sourceTree = "<group>"; };
		36395722158CED3D00D596E7 /* en */ = {isa = PBXFileReference; lastKnownFileType = text.plist.strings; name = en; path = en.lproj/InfoPlist.strings; sourceTree = "<group>"; };
		36395724158CED3D00D596E7 /* main.m */ = {isa = PBXFileReference; lastKnownFileType = sourcecode.c.objc; path = main.m; sourceTree = "<group>"; };
		36395726158CED3D00D596E7 /* HermesRemote-Prefix.pch */ = {isa = PBXFileReference; lastKnownFileType = sourcecode.c.h; path = "HermesRemote-Prefix.pch"; sourceTree = "<group>"; };
		36395727158CED3D00D596E7 /* HRAppDelegate.h */ = {isa = PBXFileReference; lastKnownFileType = sourcecode.c.h; path = HRAppDelegate.h; sourceTree = "<group>"; };
		36395728158CED3D00D596E7 /* HRAppDelegate.m */ = {isa = PBXFileReference; lastKnownFileType = sourcecode.c.objc; path = HRAppDelegate.m; sourceTree = "<group>"; };
		3639572B158CED3D00D596E7 /* en */ = {isa = PBXFileReference; lastKnownFileType = file.storyboard; name = en; path = en.lproj/MainStoryboard_iPhone.storyboard; sourceTree = "<group>"; };
		3639572E158CED3D00D596E7 /* en */ = {isa = PBXFileReference; lastKnownFileType = file.storyboard; name = en; path = en.lproj/MainStoryboard_iPad.storyboard; sourceTree = "<group>"; };
		36395746158CF3F600D596E7 /* HRStationsViewController.h */ = {isa = PBXFileReference; fileEncoding = 4; lastKnownFileType = sourcecode.c.h; path = HRStationsViewController.h; sourceTree = "<group>"; };
		36395747158CF3F600D596E7 /* HRStationsViewController.m */ = {isa = PBXFileReference; fileEncoding = 4; lastKnownFileType = sourcecode.c.objc; path = HRStationsViewController.m; sourceTree = "<group>"; };
		36395749158CF4B400D596E7 /* HRStation.h */ = {isa = PBXFileReference; fileEncoding = 4; lastKnownFileType = sourcecode.c.h; path = HRStation.h; sourceTree = "<group>"; };
		3639574A158CF4B400D596E7 /* HRStation.m */ = {isa = PBXFileReference; fileEncoding = 4; lastKnownFileType = sourcecode.c.objc; path = HRStation.m; sourceTree = "<group>"; };
		3639574C158CF9E500D596E7 /* HRStationViewController.h */ = {isa = PBXFileReference; fileEncoding = 4; lastKnownFileType = sourcecode.c.h; path = HRStationViewController.h; sourceTree = "<group>"; };
		3639574D158CF9E500D596E7 /* HRStationViewController.m */ = {isa = PBXFileReference; fileEncoding = 4; lastKnownFileType = sourcecode.c.objc; path = HRStationViewController.m; sourceTree = "<group>"; };
		3639574F158CFE0200D596E7 /* HRState.h */ = {isa = PBXFileReference; fileEncoding = 4; lastKnownFileType = sourcecode.c.h; path = HRState.h; sourceTree = "<group>"; };
		36395750158CFE0200D596E7 /* HRState.m */ = {isa = PBXFileReference; fileEncoding = 4; lastKnownFileType = sourcecode.c.objc; path = HRState.m; sourceTree = "<group>"; };
		36395752158D05C300D596E7 /* HRStationCell.h */ = {isa = PBXFileReference; fileEncoding = 4; lastKnownFileType = sourcecode.c.h; path = HRStationCell.h; sourceTree = "<group>"; };
		36395753158D05C300D596E7 /* HRStationCell.m */ = {isa = PBXFileReference; fileEncoding = 4; lastKnownFileType = sourcecode.c.objc; path = HRStationCell.m; sourceTree = "<group>"; };
		36CEE433158ED255002CFEB4 /* GCDAsyncSocket.h */ = {isa = PBXFileReference; lastKnownFileType = sourcecode.c.h; path = GCDAsyncSocket.h; sourceTree = "<group>"; };
		36CEE434158ED256002CFEB4 /* GCDAsyncSocket.m */ = {isa = PBXFileReference; lastKnownFileType = sourcecode.c.objc; path = GCDAsyncSocket.m; sourceTree = "<group>"; };
		36CEE437158ED36A002CFEB4 /* CFNetwork.framework */ = {isa = PBXFileReference; lastKnownFileType = wrapper.framework; name = CFNetwork.framework; path = System/Library/Frameworks/CFNetwork.framework; sourceTree = SDKROOT; };
		36CEE439158ED37F002CFEB4 /* Security.framework */ = {isa = PBXFileReference; lastKnownFileType = wrapper.framework; name = Security.framework; path = System/Library/Frameworks/Security.framework; sourceTree = SDKROOT; };
/* End PBXFileReference section */

/* Begin PBXFrameworksBuildPhase section */
		36395711158CED3C00D596E7 /* Frameworks */ = {
			isa = PBXFrameworksBuildPhase;
			buildActionMask = 2147483647;
			files = (
				36CEE43A158ED37F002CFEB4 /* Security.framework in Frameworks */,
				36CEE438158ED36A002CFEB4 /* CFNetwork.framework in Frameworks */,
				36395719158CED3D00D596E7 /* UIKit.framework in Frameworks */,
				3639571B158CED3D00D596E7 /* Foundation.framework in Frameworks */,
				3639571D158CED3D00D596E7 /* CoreGraphics.framework in Frameworks */,
			);
			runOnlyForDeploymentPostprocessing = 0;
		};
/* End PBXFrameworksBuildPhase section */

/* Begin PBXGroup section */
		36395709158CED3C00D596E7 = {
			isa = PBXGroup;
			children = (
				36CEE439158ED37F002CFEB4 /* Security.framework */,
				36CEE437158ED36A002CFEB4 /* CFNetwork.framework */,
				3639571E158CED3D00D596E7 /* HermesRemote */,
				36395717158CED3D00D596E7 /* Frameworks */,
				36395715158CED3D00D596E7 /* Products */,
			);
			sourceTree = "<group>";
		};
		36395715158CED3D00D596E7 /* Products */ = {
			isa = PBXGroup;
			children = (
				36395714158CED3D00D596E7 /* HermesRemote.app */,
			);
			name = Products;
			sourceTree = "<group>";
		};
		36395717158CED3D00D596E7 /* Frameworks */ = {
			isa = PBXGroup;
			children = (
				36395718158CED3D00D596E7 /* UIKit.framework */,
				3639571A158CED3D00D596E7 /* Foundation.framework */,
				3639571C158CED3D00D596E7 /* CoreGraphics.framework */,
			);
			name = Frameworks;
			sourceTree = "<group>";
		};
		3639571E158CED3D00D596E7 /* HermesRemote */ = {
			isa = PBXGroup;
			children = (
				365D0AA4158F87300080001A /* Libraries */,
				365D0AA7158F87800080001A /* Models */,
				365D0AA6158F87660080001A /* Views */,
				365D0AA5158F87430080001A /* Controllers */,
				36395727158CED3D00D596E7 /* HRAppDelegate.h */,
				36395728158CED3D00D596E7 /* HRAppDelegate.m */,
				3639572A158CED3D00D596E7 /* MainStoryboard_iPhone.storyboard */,
				3639572D158CED3D00D596E7 /* MainStoryboard_iPad.storyboard */,
				3639571F158CED3D00D596E7 /* Supporting Files */,
			);
			path = HermesRemote;
			sourceTree = "<group>";
		};
		3639571F158CED3D00D596E7 /* Supporting Files */ = {
			isa = PBXGroup;
			children = (
				36395720158CED3D00D596E7 /* HermesRemote-Info.plist */,
				36395721158CED3D00D596E7 /* InfoPlist.strings */,
				36395724158CED3D00D596E7 /* main.m */,
				36395726158CED3D00D596E7 /* HermesRemote-Prefix.pch */,
			);
			name = "Supporting Files";
			sourceTree = "<group>";
		};
		365D0AA4158F87300080001A /* Libraries */ = {
			isa = PBXGroup;
			children = (
				36CEE433158ED255002CFEB4 /* GCDAsyncSocket.h */,
				36CEE434158ED256002CFEB4 /* GCDAsyncSocket.m */,
			);
			name = Libraries;
			sourceTree = "<group>";
		};
		365D0AA5158F87430080001A /* Controllers */ = {
			isa = PBXGroup;
			children = (
				362B0292158EEE5F0010516B /* HRSettingViewController.h */,
				362B0293158EEE5F0010516B /* HRSettingViewController.m */,
				3639574C158CF9E500D596E7 /* HRStationViewController.h */,
				3639574D158CF9E500D596E7 /* HRStationViewController.m */,
				36395746158CF3F600D596E7 /* HRStationsViewController.h */,
				36395747158CF3F600D596E7 /* HRStationsViewController.m */,
			);
			name = Controllers;
			sourceTree = "<group>";
		};
		365D0AA6158F87660080001A /* Views */ = {
			isa = PBXGroup;
			children = (
				36395752158D05C300D596E7 /* HRStationCell.h */,
				36395753158D05C300D596E7 /* HRStationCell.m */,
			);
			name = Views;
			sourceTree = "<group>";
		};
		365D0AA7158F87800080001A /* Models */ = {
			isa = PBXGroup;
			children = (
				36395749158CF4B400D596E7 /* HRStation.h */,
				3639574A158CF4B400D596E7 /* HRStation.m */,
				3639574F158CFE0200D596E7 /* HRState.h */,
				36395750158CFE0200D596E7 /* HRState.m */,
			);
			name = Models;
			sourceTree = "<group>";
		};
/* End PBXGroup section */

/* Begin PBXNativeTarget section */
		36395713158CED3C00D596E7 /* HermesRemote */ = {
			isa = PBXNativeTarget;
			buildConfigurationList = 36395740158CED3D00D596E7 /* Build configuration list for PBXNativeTarget "HermesRemote" */;
			buildPhases = (
				36395710158CED3C00D596E7 /* Sources */,
				36395711158CED3C00D596E7 /* Frameworks */,
				36395712158CED3C00D596E7 /* Resources */,
			);
			buildRules = (
			);
			dependencies = (
			);
			name = HermesRemote;
			productName = HermesRemote;
			productReference = 36395714158CED3D00D596E7 /* HermesRemote.app */;
			productType = "com.apple.product-type.application";
		};
/* End PBXNativeTarget section */

/* Begin PBXProject section */
		3639570B158CED3C00D596E7 /* Project object */ = {
			isa = PBXProject;
			attributes = {
				CLASSPREFIX = HR;
				LastUpgradeCheck = 0430;
				ORGANIZATIONNAME = "Sheyne Anderson";
			};
			buildConfigurationList = 3639570E158CED3C00D596E7 /* Build configuration list for PBXProject "HermesRemote" */;
			compatibilityVersion = "Xcode 3.2";
			developmentRegion = English;
			hasScannedForEncodings = 0;
			knownRegions = (
				en,
			);
			mainGroup = 36395709158CED3C00D596E7;
			productRefGroup = 36395715158CED3D00D596E7 /* Products */;
			projectDirPath = "";
			projectRoot = "";
			targets = (
				36395713158CED3C00D596E7 /* HermesRemote */,
			);
		};
/* End PBXProject section */

/* Begin PBXResourcesBuildPhase section */
		36395712158CED3C00D596E7 /* Resources */ = {
			isa = PBXResourcesBuildPhase;
			buildActionMask = 2147483647;
			files = (
				36395723158CED3D00D596E7 /* InfoPlist.strings in Resources */,
				3639572C158CED3D00D596E7 /* MainStoryboard_iPhone.storyboard in Resources */,
				3639572F158CED3D00D596E7 /* MainStoryboard_iPad.storyboard in Resources */,
			);
			runOnlyForDeploymentPostprocessing = 0;
		};
/* End PBXResourcesBuildPhase section */

/* Begin PBXSourcesBuildPhase section */
		36395710158CED3C00D596E7 /* Sources */ = {
			isa = PBXSourcesBuildPhase;
			buildActionMask = 2147483647;
			files = (
				36395725158CED3D00D596E7 /* main.m in Sources */,
				36395729158CED3D00D596E7 /* HRAppDelegate.m in Sources */,
				36CEE436158ED2CC002CFEB4 /* GCDAsyncSocket.m in Sources */,
				36395748158CF3F600D596E7 /* HRStationsViewController.m in Sources */,
				3639574B158CF4B400D596E7 /* HRStation.m in Sources */,
				3639574E158CF9E500D596E7 /* HRStationViewController.m in Sources */,
				36395751158CFE0200D596E7 /* HRState.m in Sources */,
				36395754158D05C300D596E7 /* HRStationCell.m in Sources */,
				362B0294158EEE5F0010516B /* HRSettingViewController.m in Sources */,
			);
			runOnlyForDeploymentPostprocessing = 0;
		};
/* End PBXSourcesBuildPhase section */

/* Begin PBXVariantGroup section */
		36395721158CED3D00D596E7 /* InfoPlist.strings */ = {
			isa = PBXVariantGroup;
			children = (
				36395722158CED3D00D596E7 /* en */,
			);
			name = InfoPlist.strings;
			sourceTree = "<group>";
		};
		3639572A158CED3D00D596E7 /* MainStoryboard_iPhone.storyboard */ = {
			isa = PBXVariantGroup;
			children = (
				3639572B158CED3D00D596E7 /* en */,
			);
			name = MainStoryboard_iPhone.storyboard;
			sourceTree = "<group>";
		};
		3639572D158CED3D00D596E7 /* MainStoryboard_iPad.storyboard */ = {
			isa = PBXVariantGroup;
			children = (
				3639572E158CED3D00D596E7 /* en */,
			);
			name = MainStoryboard_iPad.storyboard;
			sourceTree = "<group>";
		};
/* End PBXVariantGroup section */

/* Begin XCBuildConfiguration section */
		3639573E158CED3D00D596E7 /* Debug */ = {
			isa = XCBuildConfiguration;
			buildSettings = {
				ALWAYS_SEARCH_USER_PATHS = NO;
				ARCHS = "$(ARCHS_STANDARD_32_BIT)";
				"CODE_SIGN_IDENTITY[sdk=iphoneos*]" = "iPhone Developer";
				COPY_PHASE_STRIP = NO;
				GCC_C_LANGUAGE_STANDARD = gnu99;
				GCC_DYNAMIC_NO_PIC = NO;
				GCC_OPTIMIZATION_LEVEL = 0;
				GCC_PREPROCESSOR_DEFINITIONS = (
					"DEBUG=1",
					"$(inherited)",
				);
				GCC_SYMBOLS_PRIVATE_EXTERN = NO;
				GCC_VERSION = com.apple.compilers.llvm.clang.1_0;
				GCC_WARN_ABOUT_RETURN_TYPE = YES;
				GCC_WARN_UNINITIALIZED_AUTOS = YES;
				GCC_WARN_UNUSED_VARIABLE = YES;
				IPHONEOS_DEPLOYMENT_TARGET = 5.1;
				SDKROOT = iphoneos;
				TARGETED_DEVICE_FAMILY = "1,2";
			};
			name = Debug;
		};
		3639573F158CED3D00D596E7 /* Release */ = {
			isa = XCBuildConfiguration;
			buildSettings = {
				ALWAYS_SEARCH_USER_PATHS = NO;
				ARCHS = "$(ARCHS_STANDARD_32_BIT)";
				"CODE_SIGN_IDENTITY[sdk=iphoneos*]" = "iPhone Developer";
				COPY_PHASE_STRIP = YES;
				GCC_C_LANGUAGE_STANDARD = gnu99;
				GCC_VERSION = com.apple.compilers.llvm.clang.1_0;
				GCC_WARN_ABOUT_RETURN_TYPE = YES;
				GCC_WARN_UNINITIALIZED_AUTOS = YES;
				GCC_WARN_UNUSED_VARIABLE = YES;
				IPHONEOS_DEPLOYMENT_TARGET = 5.1;
				OTHER_CFLAGS = "-DNS_BLOCK_ASSERTIONS=1";
				SDKROOT = iphoneos;
				TARGETED_DEVICE_FAMILY = "1,2";
				VALIDATE_PRODUCT = YES;
			};
			name = Release;
		};
		36395741158CED3D00D596E7 /* Debug */ = {
			isa = XCBuildConfiguration;
			buildSettings = {
				CLANG_ENABLE_OBJC_ARC = YES;
				GCC_PRECOMPILE_PREFIX_HEADER = YES;
				GCC_PREFIX_HEADER = "HermesRemote/HermesRemote-Prefix.pch";
				INFOPLIST_FILE = "HermesRemote/HermesRemote-Info.plist";
				PRODUCT_NAME = "$(TARGET_NAME)";
				WRAPPER_EXTENSION = app;
			};
			name = Debug;
		};
		36395742158CED3D00D596E7 /* Release */ = {
			isa = XCBuildConfiguration;
			buildSettings = {
				CLANG_ENABLE_OBJC_ARC = YES;
				GCC_PRECOMPILE_PREFIX_HEADER = YES;
				GCC_PREFIX_HEADER = "HermesRemote/HermesRemote-Prefix.pch";
				INFOPLIST_FILE = "HermesRemote/HermesRemote-Info.plist";
				PRODUCT_NAME = "$(TARGET_NAME)";
				WRAPPER_EXTENSION = app;
			};
			name = Release;
		};
/* End XCBuildConfiguration section */

/* Begin XCConfigurationList section */
		3639570E158CED3C00D596E7 /* Build configuration list for PBXProject "HermesRemote" */ = {
			isa = XCConfigurationList;
			buildConfigurations = (
				3639573E158CED3D00D596E7 /* Debug */,
				3639573F158CED3D00D596E7 /* Release */,
			);
			defaultConfigurationIsVisible = 0;
			defaultConfigurationName = Release;
		};
		36395740158CED3D00D596E7 /* Build configuration list for PBXNativeTarget "HermesRemote" */ = {
			isa = XCConfigurationList;
			buildConfigurations = (
				36395741158CED3D00D596E7 /* Debug */,
				36395742158CED3D00D596E7 /* Release */,
			);
			defaultConfigurationIsVisible = 0;
			defaultConfigurationName = Release;
		};
/* End XCConfigurationList section */
	};
	rootObject = 3639570B158CED3C00D596E7 /* Project object */;
}
